// !$*UTF8*$!
{
	archiveVersion = 1;
	classes = {
	};
	objectVersion = 50;
	objects = {

/* Begin PBXBuildFile section */
		78CA94D7D0046358ED59D913 /* Pods_Breach_Control.framework in Frameworks */ = {isa = PBXBuildFile; fileRef = 40720D3C1C200102A2D3277B /* Pods_Breach_Control.framework */; };
		84A119FD2219D104002F81D1 /* AppDelegate.swift in Sources */ = {isa = PBXBuildFile; fileRef = 84A119FC2219D104002F81D1 /* AppDelegate.swift */; };
		84A119FF2219D104002F81D1 /* ViewController.swift in Sources */ = {isa = PBXBuildFile; fileRef = 84A119FE2219D104002F81D1 /* ViewController.swift */; };
		84A11A022219D104002F81D1 /* Main.storyboard in Resources */ = {isa = PBXBuildFile; fileRef = 84A11A002219D104002F81D1 /* Main.storyboard */; };
		84A11A072219D106002F81D1 /* Assets.xcassets in Resources */ = {isa = PBXBuildFile; fileRef = 84A11A062219D106002F81D1 /* Assets.xcassets */; };
		84A11A0A2219D106002F81D1 /* LaunchScreen.storyboard in Resources */ = {isa = PBXBuildFile; fileRef = 84A11A082219D106002F81D1 /* LaunchScreen.storyboard */; };
		84A11A152219D106002F81D1 /* Breach_ControlTests.swift in Sources */ = {isa = PBXBuildFile; fileRef = 84A11A142219D106002F81D1 /* Breach_ControlTests.swift */; };
		84DD4B2E221AE6C200B00EE1 /* BCGlobal.swift in Sources */ = {isa = PBXBuildFile; fileRef = 84DD4B2D221AE6C200B00EE1 /* BCGlobal.swift */; };
		84DD4B30221AE6E400B00EE1 /* BCConstants.swift in Sources */ = {isa = PBXBuildFile; fileRef = 84DD4B2F221AE6E400B00EE1 /* BCConstants.swift */; };
		84DD4B32221AE6F700B00EE1 /* BCAPIManager.swift in Sources */ = {isa = PBXBuildFile; fileRef = 84DD4B31221AE6F700B00EE1 /* BCAPIManager.swift */; };
		84DD4B34221AE73600B00EE1 /* BCBaseVC.swift in Sources */ = {isa = PBXBuildFile; fileRef = 84DD4B33221AE73600B00EE1 /* BCBaseVC.swift */; };
		84DD4B36221AE78C00B00EE1 /* BCBaseView.swift in Sources */ = {isa = PBXBuildFile; fileRef = 84DD4B35221AE78C00B00EE1 /* BCBaseView.swift */; };
		84DD4B38221AE7A100B00EE1 /* BCBaseModel.swift in Sources */ = {isa = PBXBuildFile; fileRef = 84DD4B37221AE7A100B00EE1 /* BCBaseModel.swift */; };
		DEAAA7E09C68709F6F98AE91 /* Pods_Breach_ControlTests.framework in Frameworks */ = {isa = PBXBuildFile; fileRef = 5808DB5264198A42CA940378 /* Pods_Breach_ControlTests.framework */; };
/* End PBXBuildFile section */

/* Begin PBXContainerItemProxy section */
		84A11A112219D106002F81D1 /* PBXContainerItemProxy */ = {
			isa = PBXContainerItemProxy;
			containerPortal = 84A119F12219D104002F81D1 /* Project object */;
			proxyType = 1;
			remoteGlobalIDString = 84A119F82219D104002F81D1;
			remoteInfo = "Breach Control";
		};
/* End PBXContainerItemProxy section */

/* Begin PBXFileReference section */
		40720D3C1C200102A2D3277B /* Pods_Breach_Control.framework */ = {isa = PBXFileReference; explicitFileType = wrapper.framework; includeInIndex = 0; path = Pods_Breach_Control.framework; sourceTree = BUILT_PRODUCTS_DIR; };
		5808DB5264198A42CA940378 /* Pods_Breach_ControlTests.framework */ = {isa = PBXFileReference; explicitFileType = wrapper.framework; includeInIndex = 0; path = Pods_Breach_ControlTests.framework; sourceTree = BUILT_PRODUCTS_DIR; };
		763BC14C6A799699B6328B4C /* Pods-Breach Control.debug.xcconfig */ = {isa = PBXFileReference; includeInIndex = 1; lastKnownFileType = text.xcconfig; name = "Pods-Breach Control.debug.xcconfig"; path = "Pods/Target Support Files/Pods-Breach Control/Pods-Breach Control.debug.xcconfig"; sourceTree = "<group>"; };
		7CDED9A6619032B163C95B73 /* Pods-Breach ControlTests.release.xcconfig */ = {isa = PBXFileReference; includeInIndex = 1; lastKnownFileType = text.xcconfig; name = "Pods-Breach ControlTests.release.xcconfig"; path = "Pods/Target Support Files/Pods-Breach ControlTests/Pods-Breach ControlTests.release.xcconfig"; sourceTree = "<group>"; };
		84A119F92219D104002F81D1 /* Breach Control.app */ = {isa = PBXFileReference; explicitFileType = wrapper.application; includeInIndex = 0; path = "Breach Control.app"; sourceTree = BUILT_PRODUCTS_DIR; };
		84A119FC2219D104002F81D1 /* AppDelegate.swift */ = {isa = PBXFileReference; lastKnownFileType = sourcecode.swift; path = AppDelegate.swift; sourceTree = "<group>"; };
		84A119FE2219D104002F81D1 /* ViewController.swift */ = {isa = PBXFileReference; lastKnownFileType = sourcecode.swift; path = ViewController.swift; sourceTree = "<group>"; };
		84A11A012219D104002F81D1 /* Base */ = {isa = PBXFileReference; lastKnownFileType = file.storyboard; name = Base; path = Base.lproj/Main.storyboard; sourceTree = "<group>"; };
		84A11A062219D106002F81D1 /* Assets.xcassets */ = {isa = PBXFileReference; lastKnownFileType = folder.assetcatalog; path = Assets.xcassets; sourceTree = "<group>"; };
		84A11A092219D106002F81D1 /* Base */ = {isa = PBXFileReference; lastKnownFileType = file.storyboard; name = Base; path = Base.lproj/LaunchScreen.storyboard; sourceTree = "<group>"; };
		84A11A0B2219D106002F81D1 /* Info.plist */ = {isa = PBXFileReference; lastKnownFileType = text.plist.xml; path = Info.plist; sourceTree = "<group>"; };
		84A11A102219D106002F81D1 /* Breach ControlTests.xctest */ = {isa = PBXFileReference; explicitFileType = wrapper.cfbundle; includeInIndex = 0; path = "Breach ControlTests.xctest"; sourceTree = BUILT_PRODUCTS_DIR; };
		84A11A142219D106002F81D1 /* Breach_ControlTests.swift */ = {isa = PBXFileReference; lastKnownFileType = sourcecode.swift; path = Breach_ControlTests.swift; sourceTree = "<group>"; };
		84A11A162219D106002F81D1 /* Info.plist */ = {isa = PBXFileReference; lastKnownFileType = text.plist.xml; path = Info.plist; sourceTree = "<group>"; };
		84DD4B2D221AE6C200B00EE1 /* BCGlobal.swift */ = {isa = PBXFileReference; lastKnownFileType = sourcecode.swift; path = BCGlobal.swift; sourceTree = "<group>"; };
		84DD4B2F221AE6E400B00EE1 /* BCConstants.swift */ = {isa = PBXFileReference; lastKnownFileType = sourcecode.swift; path = BCConstants.swift; sourceTree = "<group>"; };
		84DD4B31221AE6F700B00EE1 /* BCAPIManager.swift */ = {isa = PBXFileReference; lastKnownFileType = sourcecode.swift; path = BCAPIManager.swift; sourceTree = "<group>"; };
		84DD4B33221AE73600B00EE1 /* BCBaseVC.swift */ = {isa = PBXFileReference; lastKnownFileType = sourcecode.swift; path = BCBaseVC.swift; sourceTree = "<group>"; };
		84DD4B35221AE78C00B00EE1 /* BCBaseView.swift */ = {isa = PBXFileReference; lastKnownFileType = sourcecode.swift; path = BCBaseView.swift; sourceTree = "<group>"; };
		84DD4B37221AE7A100B00EE1 /* BCBaseModel.swift */ = {isa = PBXFileReference; lastKnownFileType = sourcecode.swift; path = BCBaseModel.swift; sourceTree = "<group>"; };
		BE583B35CA932ED665DD0BC5 /* Pods-Breach Control.release.xcconfig */ = {isa = PBXFileReference; includeInIndex = 1; lastKnownFileType = text.xcconfig; name = "Pods-Breach Control.release.xcconfig"; path = "Pods/Target Support Files/Pods-Breach Control/Pods-Breach Control.release.xcconfig"; sourceTree = "<group>"; };
		CCD3930C6A089DE6BE8DB06A /* Pods-Breach ControlTests.debug.xcconfig */ = {isa = PBXFileReference; includeInIndex = 1; lastKnownFileType = text.xcconfig; name = "Pods-Breach ControlTests.debug.xcconfig"; path = "Pods/Target Support Files/Pods-Breach ControlTests/Pods-Breach ControlTests.debug.xcconfig"; sourceTree = "<group>"; };
/* End PBXFileReference section */

/* Begin PBXFrameworksBuildPhase section */
		84A119F62219D104002F81D1 /* Frameworks */ = {
			isa = PBXFrameworksBuildPhase;
			buildActionMask = 2147483647;
			files = (
				78CA94D7D0046358ED59D913 /* Pods_Breach_Control.framework in Frameworks */,
			);
			runOnlyForDeploymentPostprocessing = 0;
		};
		84A11A0D2219D106002F81D1 /* Frameworks */ = {
			isa = PBXFrameworksBuildPhase;
			buildActionMask = 2147483647;
			files = (
				DEAAA7E09C68709F6F98AE91 /* Pods_Breach_ControlTests.framework in Frameworks */,
			);
			runOnlyForDeploymentPostprocessing = 0;
		};
/* End PBXFrameworksBuildPhase section */

/* Begin PBXGroup section */
		2BD78A115A50CEA97F07CFFB /* Frameworks */ = {
			isa = PBXGroup;
			children = (
				40720D3C1C200102A2D3277B /* Pods_Breach_Control.framework */,
				5808DB5264198A42CA940378 /* Pods_Breach_ControlTests.framework */,
			);
			name = Frameworks;
			sourceTree = "<group>";
		};
		5CC8BBA3D3C0F2943F9FB315 /* Pods */ = {
			isa = PBXGroup;
			children = (
				763BC14C6A799699B6328B4C /* Pods-Breach Control.debug.xcconfig */,
				BE583B35CA932ED665DD0BC5 /* Pods-Breach Control.release.xcconfig */,
				CCD3930C6A089DE6BE8DB06A /* Pods-Breach ControlTests.debug.xcconfig */,
				7CDED9A6619032B163C95B73 /* Pods-Breach ControlTests.release.xcconfig */,
			);
			name = Pods;
			sourceTree = "<group>";
		};
		84A119F02219D104002F81D1 = {
			isa = PBXGroup;
			children = (
				84A119FB2219D104002F81D1 /* Breach Control */,
				84A11A132219D106002F81D1 /* Breach ControlTests */,
				84A119FA2219D104002F81D1 /* Products */,
				5CC8BBA3D3C0F2943F9FB315 /* Pods */,
				2BD78A115A50CEA97F07CFFB /* Frameworks */,
			);
			sourceTree = "<group>";
		};
		84A119FA2219D104002F81D1 /* Products */ = {
			isa = PBXGroup;
			children = (
				84A119F92219D104002F81D1 /* Breach Control.app */,
				84A11A102219D106002F81D1 /* Breach ControlTests.xctest */,
			);
			name = Products;
			sourceTree = "<group>";
		};
		84A119FB2219D104002F81D1 /* Breach Control */ = {
			isa = PBXGroup;
			children = (
				84A119FC2219D104002F81D1 /* AppDelegate.swift */,
				84A119FE2219D104002F81D1 /* ViewController.swift */,
				84A11A062219D106002F81D1 /* Assets.xcassets */,
				84A11A002219D104002F81D1 /* Main.storyboard */,
				84A11A082219D106002F81D1 /* LaunchScreen.storyboard */,
				84A11A0B2219D106002F81D1 /* Info.plist */,
				84DD4B21221AE5F500B00EE1 /* Classes */,
			);
			path = "Breach Control";
			sourceTree = "<group>";
		};
		84A11A132219D106002F81D1 /* Breach ControlTests */ = {
			isa = PBXGroup;
			children = (
				84A11A142219D106002F81D1 /* Breach_ControlTests.swift */,
				84A11A162219D106002F81D1 /* Info.plist */,
			);
			path = "Breach ControlTests";
			sourceTree = "<group>";
		};
		84DD4B21221AE5F500B00EE1 /* Classes */ = {
			isa = PBXGroup;
			children = (
				84DD4B22221AE5F500B00EE1 /* Global */,
				84DD4B24221AE5F500B00EE1 /* Libraries */,
				84DD4B25221AE5F500B00EE1 /* Models */,
				84DD4B27221AE5F500B00EE1 /* ViewControllers */,
				84DD4B29221AE5F500B00EE1 /* Views */,
			);
			path = Classes;
			sourceTree = "<group>";
		};
		84DD4B22221AE5F500B00EE1 /* Global */ = {
			isa = PBXGroup;
			children = (
				84DD4B23221AE5F500B00EE1 /* Extension */,
				84DD4B2D221AE6C200B00EE1 /* BCGlobal.swift */,
				84DD4B2F221AE6E400B00EE1 /* BCConstants.swift */,
				84DD4B31221AE6F700B00EE1 /* BCAPIManager.swift */,
			);
			path = Global;
			sourceTree = "<group>";
		};
		84DD4B23221AE5F500B00EE1 /* Extension */ = {
			isa = PBXGroup;
			children = (
			);
			path = Extension;
			sourceTree = "<group>";
		};
		84DD4B24221AE5F500B00EE1 /* Libraries */ = {
			isa = PBXGroup;
			children = (
			);
			path = Libraries;
			sourceTree = "<group>";
		};
		84DD4B25221AE5F500B00EE1 /* Models */ = {
			isa = PBXGroup;
			children = (
				84DD4B26221AE5F500B00EE1 /* Base */,
			);
			path = Models;
			sourceTree = "<group>";
		};
		84DD4B26221AE5F500B00EE1 /* Base */ = {
			isa = PBXGroup;
			children = (
				84DD4B37221AE7A100B00EE1 /* BCBaseModel.swift */,
			);
			path = Base;
			sourceTree = "<group>";
		};
		84DD4B27221AE5F500B00EE1 /* ViewControllers */ = {
			isa = PBXGroup;
			children = (
				84DD4B28221AE5F500B00EE1 /* Base */,
			);
			path = ViewControllers;
			sourceTree = "<group>";
		};
		84DD4B28221AE5F500B00EE1 /* Base */ = {
			isa = PBXGroup;
			children = (
				84DD4B33221AE73600B00EE1 /* BCBaseVC.swift */,
			);
			path = Base;
			sourceTree = "<group>";
		};
		84DD4B29221AE5F500B00EE1 /* Views */ = {
			isa = PBXGroup;
			children = (
				84DD4B2A221AE5F500B00EE1 /* Base */,
			);
			path = Views;
			sourceTree = "<group>";
		};
		84DD4B2A221AE5F500B00EE1 /* Base */ = {
			isa = PBXGroup;
			children = (
				84DD4B35221AE78C00B00EE1 /* BCBaseView.swift */,
			);
			path = Base;
			sourceTree = "<group>";
		};
/* End PBXGroup section */

/* Begin PBXNativeTarget section */
		84A119F82219D104002F81D1 /* Breach Control */ = {
			isa = PBXNativeTarget;
			buildConfigurationList = 84A11A192219D106002F81D1 /* Build configuration list for PBXNativeTarget "Breach Control" */;
			buildPhases = (
				35D8E7B33C4B561CEAE01E20 /* [CP] Check Pods Manifest.lock */,
				84A119F52219D104002F81D1 /* Sources */,
				84A119F62219D104002F81D1 /* Frameworks */,
				84A119F72219D104002F81D1 /* Resources */,
				DF279299462578CC94EEA74F /* [CP] Embed Pods Frameworks */,
			);
			buildRules = (
			);
			dependencies = (
			);
			name = "Breach Control";
			productName = "Breach Control";
			productReference = 84A119F92219D104002F81D1 /* Breach Control.app */;
			productType = "com.apple.product-type.application";
		};
		84A11A0F2219D106002F81D1 /* Breach ControlTests */ = {
			isa = PBXNativeTarget;
			buildConfigurationList = 84A11A1C2219D106002F81D1 /* Build configuration list for PBXNativeTarget "Breach ControlTests" */;
			buildPhases = (
				D5859FB7C9A4E36CE0427BAC /* [CP] Check Pods Manifest.lock */,
				84A11A0C2219D106002F81D1 /* Sources */,
				84A11A0D2219D106002F81D1 /* Frameworks */,
				84A11A0E2219D106002F81D1 /* Resources */,
			);
			buildRules = (
			);
			dependencies = (
				84A11A122219D106002F81D1 /* PBXTargetDependency */,
			);
			name = "Breach ControlTests";
			productName = "Breach ControlTests";
			productReference = 84A11A102219D106002F81D1 /* Breach ControlTests.xctest */;
			productType = "com.apple.product-type.bundle.unit-test";
		};
/* End PBXNativeTarget section */

/* Begin PBXProject section */
		84A119F12219D104002F81D1 /* Project object */ = {
			isa = PBXProject;
			attributes = {
				LastSwiftUpdateCheck = 1010;
				LastUpgradeCheck = 1010;
				ORGANIZATIONNAME = "Silent Quadrant";
				TargetAttributes = {
					84A119F82219D104002F81D1 = {
						CreatedOnToolsVersion = 10.1;
					};
					84A11A0F2219D106002F81D1 = {
						CreatedOnToolsVersion = 10.1;
						TestTargetID = 84A119F82219D104002F81D1;
					};
				};
			};
			buildConfigurationList = 84A119F42219D104002F81D1 /* Build configuration list for PBXProject "Breach Control" */;
			compatibilityVersion = "Xcode 9.3";
			developmentRegion = en;
			hasScannedForEncodings = 0;
			knownRegions = (
				en,
				Base,
			);
			mainGroup = 84A119F02219D104002F81D1;
			productRefGroup = 84A119FA2219D104002F81D1 /* Products */;
			projectDirPath = "";
			projectRoot = "";
			targets = (
				84A119F82219D104002F81D1 /* Breach Control */,
				84A11A0F2219D106002F81D1 /* Breach ControlTests */,
			);
		};
/* End PBXProject section */

/* Begin PBXResourcesBuildPhase section */
		84A119F72219D104002F81D1 /* Resources */ = {
			isa = PBXResourcesBuildPhase;
			buildActionMask = 2147483647;
			files = (
				84A11A0A2219D106002F81D1 /* LaunchScreen.storyboard in Resources */,
				84A11A072219D106002F81D1 /* Assets.xcassets in Resources */,
				84A11A022219D104002F81D1 /* Main.storyboard in Resources */,
			);
			runOnlyForDeploymentPostprocessing = 0;
		};
		84A11A0E2219D106002F81D1 /* Resources */ = {
			isa = PBXResourcesBuildPhase;
			buildActionMask = 2147483647;
			files = (
			);
			runOnlyForDeploymentPostprocessing = 0;
		};
/* End PBXResourcesBuildPhase section */

/* Begin PBXShellScriptBuildPhase section */
		35D8E7B33C4B561CEAE01E20 /* [CP] Check Pods Manifest.lock */ = {
			isa = PBXShellScriptBuildPhase;
			buildActionMask = 2147483647;
			files = (
			);
			inputFileListPaths = (
			);
			inputPaths = (
				"${PODS_PODFILE_DIR_PATH}/Podfile.lock",
				"${PODS_ROOT}/Manifest.lock",
			);
			name = "[CP] Check Pods Manifest.lock";
			outputFileListPaths = (
			);
			outputPaths = (
				"$(DERIVED_FILE_DIR)/Pods-Breach Control-checkManifestLockResult.txt",
			);
			runOnlyForDeploymentPostprocessing = 0;
			shellPath = /bin/sh;
			shellScript = "diff \"${PODS_PODFILE_DIR_PATH}/Podfile.lock\" \"${PODS_ROOT}/Manifest.lock\" > /dev/null\nif [ $? != 0 ] ; then\n    # print error to STDERR\n    echo \"error: The sandbox is not in sync with the Podfile.lock. Run 'pod install' or update your CocoaPods installation.\" >&2\n    exit 1\nfi\n# This output is used by Xcode 'outputs' to avoid re-running this script phase.\necho \"SUCCESS\" > \"${SCRIPT_OUTPUT_FILE_0}\"\n";
			showEnvVarsInLog = 0;
		};
		D5859FB7C9A4E36CE0427BAC /* [CP] Check Pods Manifest.lock */ = {
			isa = PBXShellScriptBuildPhase;
			buildActionMask = 2147483647;
			files = (
			);
			inputFileListPaths = (
			);
			inputPaths = (
				"${PODS_PODFILE_DIR_PATH}/Podfile.lock",
				"${PODS_ROOT}/Manifest.lock",
			);
			name = "[CP] Check Pods Manifest.lock";
			outputFileListPaths = (
			);
			outputPaths = (
				"$(DERIVED_FILE_DIR)/Pods-Breach ControlTests-checkManifestLockResult.txt",
			);
			runOnlyForDeploymentPostprocessing = 0;
			shellPath = /bin/sh;
			shellScript = "diff \"${PODS_PODFILE_DIR_PATH}/Podfile.lock\" \"${PODS_ROOT}/Manifest.lock\" > /dev/null\nif [ $? != 0 ] ; then\n    # print error to STDERR\n    echo \"error: The sandbox is not in sync with the Podfile.lock. Run 'pod install' or update your CocoaPods installation.\" >&2\n    exit 1\nfi\n# This output is used by Xcode 'outputs' to avoid re-running this script phase.\necho \"SUCCESS\" > \"${SCRIPT_OUTPUT_FILE_0}\"\n";
			showEnvVarsInLog = 0;
		};
		DF279299462578CC94EEA74F /* [CP] Embed Pods Frameworks */ = {
			isa = PBXShellScriptBuildPhase;
			buildActionMask = 2147483647;
			files = (
			);
			inputFileListPaths = (
			);
			inputPaths = (
				"${SRCROOT}/Pods/Target Support Files/Pods-Breach Control/Pods-Breach Control-frameworks.sh",
				"${BUILT_PRODUCTS_DIR}/Alamofire/Alamofire.framework",
				"${BUILT_PRODUCTS_DIR}/IQKeyboardManagerSwift/IQKeyboardManagerSwift.framework",
				"${BUILT_PRODUCTS_DIR}/MBProgressHUD/MBProgressHUD.framework",
				"${BUILT_PRODUCTS_DIR}/UITextView+Placeholder/UITextView_Placeholder.framework",
			);
			name = "[CP] Embed Pods Frameworks";
			outputFileListPaths = (
			);
			outputPaths = (
				"${TARGET_BUILD_DIR}/${FRAMEWORKS_FOLDER_PATH}/Alamofire.framework",
				"${TARGET_BUILD_DIR}/${FRAMEWORKS_FOLDER_PATH}/IQKeyboardManagerSwift.framework",
				"${TARGET_BUILD_DIR}/${FRAMEWORKS_FOLDER_PATH}/MBProgressHUD.framework",
				"${TARGET_BUILD_DIR}/${FRAMEWORKS_FOLDER_PATH}/UITextView_Placeholder.framework",
			);
			runOnlyForDeploymentPostprocessing = 0;
			shellPath = /bin/sh;
			shellScript = "\"${SRCROOT}/Pods/Target Support Files/Pods-Breach Control/Pods-Breach Control-frameworks.sh\"\n";
			showEnvVarsInLog = 0;
		};
/* End PBXShellScriptBuildPhase section */

/* Begin PBXSourcesBuildPhase section */
		84A119F52219D104002F81D1 /* Sources */ = {
			isa = PBXSourcesBuildPhase;
			buildActionMask = 2147483647;
			files = (
				84DD4B2E221AE6C200B00EE1 /* BCGlobal.swift in Sources */,
				84A119FF2219D104002F81D1 /* ViewController.swift in Sources */,
				84DD4B32221AE6F700B00EE1 /* BCAPIManager.swift in Sources */,
				84DD4B36221AE78C00B00EE1 /* BCBaseView.swift in Sources */,
				84DD4B30221AE6E400B00EE1 /* BCConstants.swift in Sources */,
				84DD4B38221AE7A100B00EE1 /* BCBaseModel.swift in Sources */,
				84A119FD2219D104002F81D1 /* AppDelegate.swift in Sources */,
				84DD4B34221AE73600B00EE1 /* BCBaseVC.swift in Sources */,
			);
			runOnlyForDeploymentPostprocessing = 0;
		};
		84A11A0C2219D106002F81D1 /* Sources */ = {
			isa = PBXSourcesBuildPhase;
			buildActionMask = 2147483647;
			files = (
				84A11A152219D106002F81D1 /* Breach_ControlTests.swift in Sources */,
			);
			runOnlyForDeploymentPostprocessing = 0;
		};
/* End PBXSourcesBuildPhase section */

/* Begin PBXTargetDependency section */
		84A11A122219D106002F81D1 /* PBXTargetDependency */ = {
			isa = PBXTargetDependency;
			target = 84A119F82219D104002F81D1 /* Breach Control */;
			targetProxy = 84A11A112219D106002F81D1 /* PBXContainerItemProxy */;
		};
/* End PBXTargetDependency section */

/* Begin PBXVariantGroup section */
		84A11A002219D104002F81D1 /* Main.storyboard */ = {
			isa = PBXVariantGroup;
			children = (
				84A11A012219D104002F81D1 /* Base */,
			);
			name = Main.storyboard;
			sourceTree = "<group>";
		};
		84A11A082219D106002F81D1 /* LaunchScreen.storyboard */ = {
			isa = PBXVariantGroup;
			children = (
				84A11A092219D106002F81D1 /* Base */,
			);
			name = LaunchScreen.storyboard;
			sourceTree = "<group>";
		};
/* End PBXVariantGroup section */

/* Begin XCBuildConfiguration section */
		84A11A172219D106002F81D1 /* Debug */ = {
			isa = XCBuildConfiguration;
			buildSettings = {
				ALWAYS_SEARCH_USER_PATHS = NO;
				CLANG_ANALYZER_NONNULL = YES;
				CLANG_ANALYZER_NUMBER_OBJECT_CONVERSION = YES_AGGRESSIVE;
				CLANG_CXX_LANGUAGE_STANDARD = "gnu++14";
				CLANG_CXX_LIBRARY = "libc++";
				CLANG_ENABLE_MODULES = YES;
				CLANG_ENABLE_OBJC_ARC = YES;
				CLANG_ENABLE_OBJC_WEAK = YES;
				CLANG_WARN_BLOCK_CAPTURE_AUTORELEASING = YES;
				CLANG_WARN_BOOL_CONVERSION = YES;
				CLANG_WARN_COMMA = YES;
				CLANG_WARN_CONSTANT_CONVERSION = YES;
				CLANG_WARN_DEPRECATED_OBJC_IMPLEMENTATIONS = YES;
				CLANG_WARN_DIRECT_OBJC_ISA_USAGE = YES_ERROR;
				CLANG_WARN_DOCUMENTATION_COMMENTS = YES;
				CLANG_WARN_EMPTY_BODY = YES;
				CLANG_WARN_ENUM_CONVERSION = YES;
				CLANG_WARN_INFINITE_RECURSION = YES;
				CLANG_WARN_INT_CONVERSION = YES;
				CLANG_WARN_NON_LITERAL_NULL_CONVERSION = YES;
				CLANG_WARN_OBJC_IMPLICIT_RETAIN_SELF = YES;
				CLANG_WARN_OBJC_LITERAL_CONVERSION = YES;
				CLANG_WARN_OBJC_ROOT_CLASS = YES_ERROR;
				CLANG_WARN_RANGE_LOOP_ANALYSIS = YES;
				CLANG_WARN_STRICT_PROTOTYPES = YES;
				CLANG_WARN_SUSPICIOUS_MOVE = YES;
				CLANG_WARN_UNGUARDED_AVAILABILITY = YES_AGGRESSIVE;
				CLANG_WARN_UNREACHABLE_CODE = YES;
				CLANG_WARN__DUPLICATE_METHOD_MATCH = YES;
				CODE_SIGN_IDENTITY = "iPhone Developer";
				COPY_PHASE_STRIP = NO;
				DEBUG_INFORMATION_FORMAT = dwarf;
				ENABLE_STRICT_OBJC_MSGSEND = YES;
				ENABLE_TESTABILITY = YES;
				GCC_C_LANGUAGE_STANDARD = gnu11;
				GCC_DYNAMIC_NO_PIC = NO;
				GCC_NO_COMMON_BLOCKS = YES;
				GCC_OPTIMIZATION_LEVEL = 0;
				GCC_PREPROCESSOR_DEFINITIONS = (
					"DEBUG=1",
					"$(inherited)",
				);
				GCC_WARN_64_TO_32_BIT_CONVERSION = YES;
				GCC_WARN_ABOUT_RETURN_TYPE = YES_ERROR;
				GCC_WARN_UNDECLARED_SELECTOR = YES;
				GCC_WARN_UNINITIALIZED_AUTOS = YES_AGGRESSIVE;
				GCC_WARN_UNUSED_FUNCTION = YES;
				GCC_WARN_UNUSED_VARIABLE = YES;
				IPHONEOS_DEPLOYMENT_TARGET = 12.1;
				MTL_ENABLE_DEBUG_INFO = INCLUDE_SOURCE;
				MTL_FAST_MATH = YES;
				ONLY_ACTIVE_ARCH = YES;
				SDKROOT = iphoneos;
				SWIFT_ACTIVE_COMPILATION_CONDITIONS = DEBUG;
				SWIFT_OPTIMIZATION_LEVEL = "-Onone";
			};
			name = Debug;
		};
		84A11A182219D106002F81D1 /* Release */ = {
			isa = XCBuildConfiguration;
			buildSettings = {
				ALWAYS_SEARCH_USER_PATHS = NO;
				CLANG_ANALYZER_NONNULL = YES;
				CLANG_ANALYZER_NUMBER_OBJECT_CONVERSION = YES_AGGRESSIVE;
				CLANG_CXX_LANGUAGE_STANDARD = "gnu++14";
				CLANG_CXX_LIBRARY = "libc++";
				CLANG_ENABLE_MODULES = YES;
				CLANG_ENABLE_OBJC_ARC = YES;
				CLANG_ENABLE_OBJC_WEAK = YES;
				CLANG_WARN_BLOCK_CAPTURE_AUTORELEASING = YES;
				CLANG_WARN_BOOL_CONVERSION = YES;
				CLANG_WARN_COMMA = YES;
				CLANG_WARN_CONSTANT_CONVERSION = YES;
				CLANG_WARN_DEPRECATED_OBJC_IMPLEMENTATIONS = YES;
				CLANG_WARN_DIRECT_OBJC_ISA_USAGE = YES_ERROR;
				CLANG_WARN_DOCUMENTATION_COMMENTS = YES;
				CLANG_WARN_EMPTY_BODY = YES;
				CLANG_WARN_ENUM_CONVERSION = YES;
				CLANG_WARN_INFINITE_RECURSION = YES;
				CLANG_WARN_INT_CONVERSION = YES;
				CLANG_WARN_NON_LITERAL_NULL_CONVERSION = YES;
				CLANG_WARN_OBJC_IMPLICIT_RETAIN_SELF = YES;
				CLANG_WARN_OBJC_LITERAL_CONVERSION = YES;
				CLANG_WARN_OBJC_ROOT_CLASS = YES_ERROR;
				CLANG_WARN_RANGE_LOOP_ANALYSIS = YES;
				CLANG_WARN_STRICT_PROTOTYPES = YES;
				CLANG_WARN_SUSPICIOUS_MOVE = YES;
				CLANG_WARN_UNGUARDED_AVAILABILITY = YES_AGGRESSIVE;
				CLANG_WARN_UNREACHABLE_CODE = YES;
				CLANG_WARN__DUPLICATE_METHOD_MATCH = YES;
				CODE_SIGN_IDENTITY = "iPhone Developer";
				COPY_PHASE_STRIP = NO;
				DEBUG_INFORMATION_FORMAT = "dwarf-with-dsym";
				ENABLE_NS_ASSERTIONS = NO;
				ENABLE_STRICT_OBJC_MSGSEND = YES;
				GCC_C_LANGUAGE_STANDARD = gnu11;
				GCC_NO_COMMON_BLOCKS = YES;
				GCC_WARN_64_TO_32_BIT_CONVERSION = YES;
				GCC_WARN_ABOUT_RETURN_TYPE = YES_ERROR;
				GCC_WARN_UNDECLARED_SELECTOR = YES;
				GCC_WARN_UNINITIALIZED_AUTOS = YES_AGGRESSIVE;
				GCC_WARN_UNUSED_FUNCTION = YES;
				GCC_WARN_UNUSED_VARIABLE = YES;
				IPHONEOS_DEPLOYMENT_TARGET = 12.1;
				MTL_ENABLE_DEBUG_INFO = NO;
				MTL_FAST_MATH = YES;
				SDKROOT = iphoneos;
				SWIFT_COMPILATION_MODE = wholemodule;
				SWIFT_OPTIMIZATION_LEVEL = "-O";
				VALIDATE_PRODUCT = YES;
			};
			name = Release;
		};
		84A11A1A2219D106002F81D1 /* Debug */ = {
			isa = XCBuildConfiguration;
			baseConfigurationReference = 763BC14C6A799699B6328B4C /* Pods-Breach Control.debug.xcconfig */;
			buildSettings = {
				ASSETCATALOG_COMPILER_APPICON_NAME = AppIcon;
				CODE_SIGN_STYLE = Automatic;
				DEVELOPMENT_TEAM = ZSFX78H3ZT;
				INFOPLIST_FILE = "Breach Control/Info.plist";
				LD_RUNPATH_SEARCH_PATHS = (
					"$(inherited)",
					"@executable_path/Frameworks",
				);
				PRODUCT_BUNDLE_IDENTIFIER = com.silentquadrant.breachcontrol;
				PRODUCT_NAME = "$(TARGET_NAME)";
				SWIFT_VERSION = 4.2;
				TARGETED_DEVICE_FAMILY = "1,2";
			};
			name = Debug;
		};
		84A11A1B2219D106002F81D1 /* Release */ = {
			isa = XCBuildConfiguration;
			baseConfigurationReference = BE583B35CA932ED665DD0BC5 /* Pods-Breach Control.release.xcconfig */;
			buildSettings = {
				ASSETCATALOG_COMPILER_APPICON_NAME = AppIcon;
				CODE_SIGN_STYLE = Automatic;
				DEVELOPMENT_TEAM = ZSFX78H3ZT;
				INFOPLIST_FILE = "Breach Control/Info.plist";
				LD_RUNPATH_SEARCH_PATHS = (
					"$(inherited)",
					"@executable_path/Frameworks",
				);
				PRODUCT_BUNDLE_IDENTIFIER = com.silentquadrant.breachcontrol;
				PRODUCT_NAME = "$(TARGET_NAME)";
				SWIFT_VERSION = 4.2;
				TARGETED_DEVICE_FAMILY = "1,2";
			};
			name = Release;
		};
		84A11A1D2219D106002F81D1 /* Debug */ = {
			isa = XCBuildConfiguration;
			baseConfigurationReference = CCD3930C6A089DE6BE8DB06A /* Pods-Breach ControlTests.debug.xcconfig */;
			buildSettings = {
				ALWAYS_EMBED_SWIFT_STANDARD_LIBRARIES = YES;
				BUNDLE_LOADER = "$(TEST_HOST)";
				CODE_SIGN_STYLE = Automatic;
				DEVELOPMENT_TEAM = ZSFX78H3ZT;
				INFOPLIST_FILE = "Breach ControlTests/Info.plist";
				LD_RUNPATH_SEARCH_PATHS = (
					"$(inherited)",
					"@executable_path/Frameworks",
					"@loader_path/Frameworks",
				);
				PRODUCT_BUNDLE_IDENTIFIER = "com.silentquadrant.Breach-ControlTests";
				PRODUCT_NAME = "$(TARGET_NAME)";
				SWIFT_VERSION = 4.2;
				TARGETED_DEVICE_FAMILY = "1,2";
				TEST_HOST = "$(BUILT_PRODUCTS_DIR)/Breach Control.app/Breach Control";
			};
			name = Debug;
		};
		84A11A1E2219D106002F81D1 /* Release */ = {
			isa = XCBuildConfiguration;
			baseConfigurationReference = 7CDED9A6619032B163C95B73 /* Pods-Breach ControlTests.release.xcconfig */;
			buildSettings = {
				ALWAYS_EMBED_SWIFT_STANDARD_LIBRARIES = YES;
				BUNDLE_LOADER = "$(TEST_HOST)";
				CODE_SIGN_STYLE = Automatic;
				DEVELOPMENT_TEAM = ZSFX78H3ZT;
				INFOPLIST_FILE = "Breach ControlTests/Info.plist";
				LD_RUNPATH_SEARCH_PATHS = (
					"$(inherited)",
					"@executable_path/Frameworks",
					"@loader_path/Frameworks",
				);
				PRODUCT_BUNDLE_IDENTIFIER = "com.silentquadrant.Breach-ControlTests";
				PRODUCT_NAME = "$(TARGET_NAME)";
				SWIFT_VERSION = 4.2;
				TARGETED_DEVICE_FAMILY = "1,2";
				TEST_HOST = "$(BUILT_PRODUCTS_DIR)/Breach Control.app/Breach Control";
			};
			name = Release;
		};
/* End XCBuildConfiguration section */

/* Begin XCConfigurationList section */
		84A119F42219D104002F81D1 /* Build configuration list for PBXProject "Breach Control" */ = {
			isa = XCConfigurationList;
			buildConfigurations = (
				84A11A172219D106002F81D1 /* Debug */,
				84A11A182219D106002F81D1 /* Release */,
			);
			defaultConfigurationIsVisible = 0;
			defaultConfigurationName = Release;
		};
		84A11A192219D106002F81D1 /* Build configuration list for PBXNativeTarget "Breach Control" */ = {
			isa = XCConfigurationList;
			buildConfigurations = (
				84A11A1A2219D106002F81D1 /* Debug */,
				84A11A1B2219D106002F81D1 /* Release */,
			);
			defaultConfigurationIsVisible = 0;
			defaultConfigurationName = Release;
		};
		84A11A1C2219D106002F81D1 /* Build configuration list for PBXNativeTarget "Breach ControlTests" */ = {
			isa = XCConfigurationList;
			buildConfigurations = (
				84A11A1D2219D106002F81D1 /* Debug */,
				84A11A1E2219D106002F81D1 /* Release */,
			);
			defaultConfigurationIsVisible = 0;
			defaultConfigurationName = Release;
		};
/* End XCConfigurationList section */
	};
	rootObject = 84A119F12219D104002F81D1 /* Project object */;
}
